
Microsoft Visual Studio Solution File, Format Version 12.00
# Visual Studio Version 17
VisualStudioVersion = 17.5.002.0
MinimumVisualStudioVersion = 10.0.40219.1
Project("{9A19103F-16F7-4668-BE54-9A1E7A4F7556}") = "Bibliotekssystem.uppgiften", "Bibliotekssystem.uppgiften.csproj", "{BD6C0523-D5E4-4505-B839-F39942A2F8CB}"
EndProject
Global
	GlobalSection(SolutionConfigurationPlatforms) = preSolution
		Debug|Any CPU = Debug|Any CPU
		Release|Any CPU = Release|Any CPU
	EndGlobalSection
	GlobalSection(ProjectConfigurationPlatforms) = postSolution
		{BD6C0523-D5E4-4505-B839-F39942A2F8CB}.Debug|Any CPU.ActiveCfg = Debug|Any CPU
		{BD6C0523-D5E4-4505-B839-F39942A2F8CB}.Debug|Any CPU.Build.0 = Debug|Any CPU
		{BD6C0523-D5E4-4505-B839-F39942A2F8CB}.Release|Any CPU.ActiveCfg = Release|Any CPU
		{BD6C0523-D5E4-4505-B839-F39942A2F8CB}.Release|Any CPU.Build.0 = Release|Any CPU
	EndGlobalSection
	GlobalSection(SolutionProperties) = preSolution
		HideSolutionNode = FALSE
	EndGlobalSection
	GlobalSection(ExtensibilityGlobals) = postSolution
		SolutionGuid = {6854493B-6775-47A0-8736-3DCD66AB1A5F}
	EndGlobalSection
EndGlobal
